
Microsoft Visual Studio Solution File, Format Version 12.00
# Visual Studio Version 16
VisualStudioVersion = 16.0.31229.75
MinimumVisualStudioVersion = 10.0.40219.1
Project("{FAE04EC0-301F-11D3-BF4B-00C04F79EFBC}") = "lab3_TranVanHao_2011065143", "lab3_TranVanHao_2011065143\lab3_TranVanHao_2011065143.csproj", "{3E921ED2-9FA2-4221-BC0C-BABD23339356}"
EndProject
Global
	GlobalSection(SolutionConfigurationPlatforms) = preSolution
		Debug|Any CPU = Debug|Any CPU
		Release|Any CPU = Release|Any CPU
	EndGlobalSection
	GlobalSection(ProjectConfigurationPlatforms) = postSolution
		{3E921ED2-9FA2-4221-BC0C-BABD23339356}.Debug|Any CPU.ActiveCfg = Debug|Any CPU
		{3E921ED2-9FA2-4221-BC0C-BABD23339356}.Debug|Any CPU.Build.0 = Debug|Any CPU
		{3E921ED2-9FA2-4221-BC0C-BABD23339356}.Release|Any CPU.ActiveCfg = Release|Any CPU
		{3E921ED2-9FA2-4221-BC0C-BABD23339356}.Release|Any CPU.Build.0 = Release|Any CPU
	EndGlobalSection
	GlobalSection(SolutionProperties) = preSolution
		HideSolutionNode = FALSE
	EndGlobalSection
	GlobalSection(ExtensibilityGlobals) = postSolution
		SolutionGuid = {5EE092C2-C3F3-4B33-A016-4228B8DFA6EC}
	EndGlobalSection
EndGlobal
